
Microsoft Visual Studio Solution File, Format Version 12.00
# Visual Studio Version 17
VisualStudioVersion = 17.7.34031.279
MinimumVisualStudioVersion = 10.0.40219.1
Project("{FAE04EC0-301F-11D3-BF4B-00C04F79EFBC}") = "todolist_mvc", "todolist_mvc.csproj", "{1107F2F8-1462-4E77-9A54-0CC8604A9515}"
EndProject
Global
	GlobalSection(SolutionConfigurationPlatforms) = preSolution
		Debug|Any CPU = Debug|Any CPU
		Release|Any CPU = Release|Any CPU
	EndGlobalSection
	GlobalSection(ProjectConfigurationPlatforms) = postSolution
		{1107F2F8-1462-4E77-9A54-0CC8604A9515}.Debug|Any CPU.ActiveCfg = Debug|Any CPU
		{1107F2F8-1462-4E77-9A54-0CC8604A9515}.Debug|Any CPU.Build.0 = Debug|Any CPU
		{1107F2F8-1462-4E77-9A54-0CC8604A9515}.Release|Any CPU.ActiveCfg = Release|Any CPU
		{1107F2F8-1462-4E77-9A54-0CC8604A9515}.Release|Any CPU.Build.0 = Release|Any CPU
	EndGlobalSection
	GlobalSection(SolutionProperties) = preSolution
		HideSolutionNode = FALSE
	EndGlobalSection
	GlobalSection(ExtensibilityGlobals) = postSolution
		SolutionGuid = {154165D0-D22B-4255-B78E-1AB58CF3FA7D}
	EndGlobalSection
EndGlobal
